{
  "name": "faustolage",
  "version": "2.0.3",
  "lockfileVersion": 2,
  "requires": true,
  "packages": {
    "": {
      "name": "faustolage",
      "version": "2.0.3",
      "license": "ISC",
      "dependencies": {
        "faustolage": "^2.0.3"
      },
      "bin": {
        "faustolage": "index.js"
      }
    },
    "node_modules/faustolage": {
      "version": "2.0.3",
      "resolved": "https://registry.npmjs.org/faustolage/-/faustolage-2.0.3.tgz",
      "integrity": "sha512-AGdZ+x91Nu5lMuRzmc31ncGpP2DNTHs3AdKu17jnJUXEe7UHdNSQ4OxR5c6LqQtcv+uObOqZA2nApPLU3sEK7A==",
      "dependencies": {
        "faustolage": "^2.0.3"
      },
      "bin": {
        "faustolage": "index.js"
      }
    }
  },
  "dependencies": {
    "faustolage": {
      "version": "2.0.3",
      "resolved": "https://registry.npmjs.org/faustolage/-/faustolage-2.0.3.tgz",
      "integrity": "sha512-AGdZ+x91Nu5lMuRzmc31ncGpP2DNTHs3AdKu17jnJUXEe7UHdNSQ4OxR5c6LqQtcv+uObOqZA2nApPLU3sEK7A==",
      "requires": {
        "faustolage": "^2.0.3"
      }
    }
  }
}
